
Microsoft Visual Studio Solution File, Format Version 12.00
# Visual Studio Version 17
VisualStudioVersion = 17.4.33403.182
MinimumVisualStudioVersion = 10.0.40219.1
Project("{9A19103F-16F7-4668-BE54-9A1E7A4F7556}") = "EAI.Azure.2023", "EAI.Azure.2023\EAI.Azure.2023.csproj", "{8DDB43C9-D6E3-4FDD-BB3E-E8F792656E2C}"
EndProject
Project("{9A19103F-16F7-4668-BE54-9A1E7A4F7556}") = "EAI.OAuth", "EAI.OAuth\EAI.OAuth.csproj", "{FCFAD421-09CB-4C6C-B90D-097533E147D7}"
EndProject
Project("{9A19103F-16F7-4668-BE54-9A1E7A4F7556}") = "EAI.OData", "EAI.OData\EAI.OData.csproj", "{002690AE-FCFF-4C7A-87E6-6E2A2272B85B}"
EndProject
Project("{9A19103F-16F7-4668-BE54-9A1E7A4F7556}") = "EAI.General", "EAI.General\EAI.General.csproj", "{0B33112C-743A-4530-8973-01813CD1DAAF}"
EndProject
Project("{9A19103F-16F7-4668-BE54-9A1E7A4F7556}") = "EAI.Rest", "EAI.Rest\EAI.Rest.csproj", "{AD5D8D1E-FC59-48A4-9C7D-B78A17956A22}"
EndProject
Project("{9A19103F-16F7-4668-BE54-9A1E7A4F7556}") = "EAI.RestTests", "EAI.RestTests\EAI.RestTests.csproj", "{4E22D5A5-267A-4AA8-BD3A-F03AA3A42588}"
EndProject
Project("{9A19103F-16F7-4668-BE54-9A1E7A4F7556}") = "EAI.OAuthTests", "EAI.OAuthTests\EAI.OAuthTests.csproj", "{5B7D78E3-78B7-48BE-A6CA-D84ED788CE64}"
EndProject
Project("{9A19103F-16F7-4668-BE54-9A1E7A4F7556}") = "EAI.Dataverse", "EAI.Dataverse\EAI.Dataverse.csproj", "{B62AA536-44A2-4F7D-A16A-5E8F2D5D1595}"
EndProject
Project("{9A19103F-16F7-4668-BE54-9A1E7A4F7556}") = "EAI.Dataverse.ModelGenerator", "EAI.Dataverse.ModelGenerator\EAI.Dataverse.ModelGenerator.csproj", "{292C6B51-1EE9-47FB-B924-FDB5844FA051}"
EndProject
Project("{FAE04EC0-301F-11D3-BF4B-00C04F79EFBC}") = "EAI.Dataverse.ModelGeneratorTests", "EAI.Dataverse.ModelGeneratorTests\EAI.Dataverse.ModelGeneratorTests.csproj", "{39A56F16-8E09-401C-B9FB-FAA899646EE2}"
EndProject
Project("{2150E333-8FDC-42A3-9474-1A3956D46DE8}") = "Docs", "Docs", "{193B24AF-681D-4D1F-9058-EA79FA820DC6}"
	ProjectSection(SolutionItems) = preProject
		Docs\EAI.Azure.2023.pptx = Docs\EAI.Azure.2023.pptx
	EndProjectSection
EndProject
Global
	GlobalSection(SolutionConfigurationPlatforms) = preSolution
		Debug|Any CPU = Debug|Any CPU
		Release|Any CPU = Release|Any CPU
	EndGlobalSection
	GlobalSection(ProjectConfigurationPlatforms) = postSolution
		{8DDB43C9-D6E3-4FDD-BB3E-E8F792656E2C}.Debug|Any CPU.ActiveCfg = Debug|Any CPU
		{8DDB43C9-D6E3-4FDD-BB3E-E8F792656E2C}.Debug|Any CPU.Build.0 = Debug|Any CPU
		{8DDB43C9-D6E3-4FDD-BB3E-E8F792656E2C}.Release|Any CPU.ActiveCfg = Release|Any CPU
		{8DDB43C9-D6E3-4FDD-BB3E-E8F792656E2C}.Release|Any CPU.Build.0 = Release|Any CPU
		{FCFAD421-09CB-4C6C-B90D-097533E147D7}.Debug|Any CPU.ActiveCfg = Debug|Any CPU
		{FCFAD421-09CB-4C6C-B90D-097533E147D7}.Debug|Any CPU.Build.0 = Debug|Any CPU
		{FCFAD421-09CB-4C6C-B90D-097533E147D7}.Release|Any CPU.ActiveCfg = Release|Any CPU
		{FCFAD421-09CB-4C6C-B90D-097533E147D7}.Release|Any CPU.Build.0 = Release|Any CPU
		{002690AE-FCFF-4C7A-87E6-6E2A2272B85B}.Debug|Any CPU.ActiveCfg = Debug|Any CPU
		{002690AE-FCFF-4C7A-87E6-6E2A2272B85B}.Debug|Any CPU.Build.0 = Debug|Any CPU
		{002690AE-FCFF-4C7A-87E6-6E2A2272B85B}.Release|Any CPU.ActiveCfg = Release|Any CPU
		{002690AE-FCFF-4C7A-87E6-6E2A2272B85B}.Release|Any CPU.Build.0 = Release|Any CPU
		{0B33112C-743A-4530-8973-01813CD1DAAF}.Debug|Any CPU.ActiveCfg = Debug|Any CPU
		{0B33112C-743A-4530-8973-01813CD1DAAF}.Debug|Any CPU.Build.0 = Debug|Any CPU
		{0B33112C-743A-4530-8973-01813CD1DAAF}.Release|Any CPU.ActiveCfg = Release|Any CPU
		{0B33112C-743A-4530-8973-01813CD1DAAF}.Release|Any CPU.Build.0 = Release|Any CPU
		{AD5D8D1E-FC59-48A4-9C7D-B78A17956A22}.Debug|Any CPU.ActiveCfg = Debug|Any CPU
		{AD5D8D1E-FC59-48A4-9C7D-B78A17956A22}.Debug|Any CPU.Build.0 = Debug|Any CPU
		{AD5D8D1E-FC59-48A4-9C7D-B78A17956A22}.Release|Any CPU.ActiveCfg = Release|Any CPU
		{AD5D8D1E-FC59-48A4-9C7D-B78A17956A22}.Release|Any CPU.Build.0 = Release|Any CPU
		{4E22D5A5-267A-4AA8-BD3A-F03AA3A42588}.Debug|Any CPU.ActiveCfg = Debug|Any CPU
		{4E22D5A5-267A-4AA8-BD3A-F03AA3A42588}.Debug|Any CPU.Build.0 = Debug|Any CPU
		{4E22D5A5-267A-4AA8-BD3A-F03AA3A42588}.Release|Any CPU.ActiveCfg = Release|Any CPU
		{4E22D5A5-267A-4AA8-BD3A-F03AA3A42588}.Release|Any CPU.Build.0 = Release|Any CPU
		{5B7D78E3-78B7-48BE-A6CA-D84ED788CE64}.Debug|Any CPU.ActiveCfg = Debug|Any CPU
		{5B7D78E3-78B7-48BE-A6CA-D84ED788CE64}.Debug|Any CPU.Build.0 = Debug|Any CPU
		{5B7D78E3-78B7-48BE-A6CA-D84ED788CE64}.Release|Any CPU.ActiveCfg = Release|Any CPU
		{5B7D78E3-78B7-48BE-A6CA-D84ED788CE64}.Release|Any CPU.Build.0 = Release|Any CPU
		{B62AA536-44A2-4F7D-A16A-5E8F2D5D1595}.Debug|Any CPU.ActiveCfg = Debug|Any CPU
		{B62AA536-44A2-4F7D-A16A-5E8F2D5D1595}.Debug|Any CPU.Build.0 = Debug|Any CPU
		{B62AA536-44A2-4F7D-A16A-5E8F2D5D1595}.Release|Any CPU.ActiveCfg = Release|Any CPU
		{B62AA536-44A2-4F7D-A16A-5E8F2D5D1595}.Release|Any CPU.Build.0 = Release|Any CPU
		{292C6B51-1EE9-47FB-B924-FDB5844FA051}.Debug|Any CPU.ActiveCfg = Debug|Any CPU
		{292C6B51-1EE9-47FB-B924-FDB5844FA051}.Debug|Any CPU.Build.0 = Debug|Any CPU
		{292C6B51-1EE9-47FB-B924-FDB5844FA051}.Release|Any CPU.ActiveCfg = Release|Any CPU
		{292C6B51-1EE9-47FB-B924-FDB5844FA051}.Release|Any CPU.Build.0 = Release|Any CPU
		{39A56F16-8E09-401C-B9FB-FAA899646EE2}.Debug|Any CPU.ActiveCfg = Debug|Any CPU
		{39A56F16-8E09-401C-B9FB-FAA899646EE2}.Debug|Any CPU.Build.0 = Debug|Any CPU
		{39A56F16-8E09-401C-B9FB-FAA899646EE2}.Release|Any CPU.ActiveCfg = Release|Any CPU
		{39A56F16-8E09-401C-B9FB-FAA899646EE2}.Release|Any CPU.Build.0 = Release|Any CPU
	EndGlobalSection
	GlobalSection(SolutionProperties) = preSolution
		HideSolutionNode = FALSE
	EndGlobalSection
	GlobalSection(ExtensibilityGlobals) = postSolution
		SolutionGuid = {8BE71756-9605-4299-9AD4-42E7D22C75ED}
	EndGlobalSection
EndGlobal
