
Microsoft Visual Studio Solution File, Format Version 12.00
# Visual Studio Version 17
VisualStudioVersion = 17.4.33403.182
MinimumVisualStudioVersion = 10.0.40219.1
Project("{9A19103F-16F7-4668-BE54-9A1E7A4F7556}") = "EAI.OAuth", "EAI.OAuth\EAI.OAuth.csproj", "{FCFAD421-09CB-4C6C-B90D-097533E147D7}"
EndProject
Project("{9A19103F-16F7-4668-BE54-9A1E7A4F7556}") = "EAI.OData", "EAI.OData\EAI.OData.csproj", "{002690AE-FCFF-4C7A-87E6-6E2A2272B85B}"
EndProject
Project("{9A19103F-16F7-4668-BE54-9A1E7A4F7556}") = "EAI.General", "EAI.General\EAI.General.csproj", "{0B33112C-743A-4530-8973-01813CD1DAAF}"
EndProject
Project("{9A19103F-16F7-4668-BE54-9A1E7A4F7556}") = "EAI.Rest", "EAI.Rest\EAI.Rest.csproj", "{AD5D8D1E-FC59-48A4-9C7D-B78A17956A22}"
EndProject
Project("{9A19103F-16F7-4668-BE54-9A1E7A4F7556}") = "EAI.Logging", "EAI.Logging\EAI.Logging.csproj", "{CB46AB58-7726-46F5-8C3D-8415D2144178}"
EndProject
Project("{9A19103F-16F7-4668-BE54-9A1E7A4F7556}") = "EAI.Logging.Test", "EAI.Logging.Test\EAI.Logging.Test.csproj", "{8EC8A726-BBA3-4AA6-AA2C-0F646277994A}"
EndProject
Project("{9A19103F-16F7-4668-BE54-9A1E7A4F7556}") = "EAI.Logging.SQL", "EAI.Logging.SQL\EAI.Logging.SQL.csproj", "{8B43CCFF-B243-4231-AFBA-08126000F3FF}"
EndProject
Project("{9A19103F-16F7-4668-BE54-9A1E7A4F7556}") = "EAI.General.Xml", "EAI.General.Xml\EAI.General.Xml.csproj", "{7850C648-AB72-4B52-8E32-89BCC3263387}"
EndProject
Project("{9A19103F-16F7-4668-BE54-9A1E7A4F7556}") = "EAI.General.Xml.Test", "EAI.General.Xml.Test\EAI.General.Xml.Test.csproj", "{F01237F1-8EBE-4904-828C-057512584B82}"
EndProject
Project("{9A19103F-16F7-4668-BE54-9A1E7A4F7556}") = "EAI.MessageQueue.Storage", "EAI.MessageQueue.Storage\EAI.MessageQueue.Storage.csproj", "{ABF2ED98-0E22-490F-BA88-604FB13C2C90}"
EndProject
Project("{9A19103F-16F7-4668-BE54-9A1E7A4F7556}") = "EAI.Texts", "EAI.Texts\EAI.Texts.csproj", "{3EDFC4BD-4599-49C6-A94C-4D8C7B0DDDE2}"
EndProject
Project("{9A19103F-16F7-4668-BE54-9A1E7A4F7556}") = "EAI.Dataverse", "EAI.Dataverse\EAI.Dataverse.csproj", "{BF95A850-9AFA-48C6-BBBE-1EF0A421C30D}"
EndProject
Project("{9A19103F-16F7-4668-BE54-9A1E7A4F7556}") = "EAI.Dataverse.ModelGenerator", "EAI.Dataverse.ModelGenerator\EAI.Dataverse.ModelGenerator.csproj", "{E8ADCB21-7CA2-4DCC-A47C-868634BBD985}"
EndProject
Project("{9A19103F-16F7-4668-BE54-9A1E7A4F7556}") = "EAI.Dataverse.ModelGeneratorTests", "EAI.Dataverse.ModelGeneratorTests\EAI.Dataverse.ModelGeneratorTests.csproj", "{A8310608-2CEF-413C-9EC5-A397B67CEFE2}"
EndProject
Project("{9A19103F-16F7-4668-BE54-9A1E7A4F7556}") = "EAI.RestTests", "EAI.RestTests\EAI.RestTests.csproj", "{AF76E593-F37F-4D64-92FE-362EF47CA5F1}"
EndProject
Project("{9A19103F-16F7-4668-BE54-9A1E7A4F7556}") = "EAI.OAuthTests", "EAI.OAuthTests\EAI.OAuthTests.csproj", "{4F0C559E-8259-4096-80E0-F2F878530363}"
EndProject
Project("{9A19103F-16F7-4668-BE54-9A1E7A4F7556}") = "EAI.GenericServer", "EAI.GenericServer\EAI.GenericServer.csproj", "{960C359F-48F0-4EDA-A77B-B59833D9C403}"
EndProject
Project("{9A19103F-16F7-4668-BE54-9A1E7A4F7556}") = "EAI.GenericServer.SAPNcoService", "EAI.GenericServer.SAPNcoService\EAI.GenericServer.SAPNcoService.csproj", "{000F96CA-98EF-4B33-8698-AFE9586D4F94}"
EndProject
Project("{9A19103F-16F7-4668-BE54-9A1E7A4F7556}") = "EAI.GenericServerHost", "EAI.GenericServerHost\EAI.GenericServerHost.csproj", "{8CABE4F4-9759-4B63-8384-A34A88A01F06}"
EndProject
Project("{9A19103F-16F7-4668-BE54-9A1E7A4F7556}") = "EAI.OnPrem.Storage", "EAI.OnPrem.Storage\EAI.OnPrem.Storage.csproj", "{DE3C82CB-6F96-41D9-A6F3-A9DB198D6B21}"
EndProject
Project("{9A19103F-16F7-4668-BE54-9A1E7A4F7556}") = "EAI.OnPrem.SAPNcoService", "EAI.OnPrem.SAPNcoService\EAI.OnPrem.SAPNcoService.csproj", "{8C2DE73E-2456-4EE9-B697-BC955091C14D}"
EndProject
Project("{9A19103F-16F7-4668-BE54-9A1E7A4F7556}") = "EAI.Abstraction.SAPNcoService", "EAI.Abstraction.SAPNcoService\EAI.Abstraction.SAPNcoService.csproj", "{F5686B04-AFAF-4CC9-A1BA-6060338FD79D}"
EndProject
Project("{9A19103F-16F7-4668-BE54-9A1E7A4F7556}") = "EAI.PipeMessaging", "EAI.PipeMessaging\EAI.PipeMessaging.csproj", "{C37ABA11-78E5-4556-83C0-A30B4E635A92}"
EndProject
Project("{9A19103F-16F7-4668-BE54-9A1E7A4F7556}") = "EAI.PipeMessaging.SAPNcoService", "EAI.PipeMessaging.SAPNcoService\EAI.PipeMessaging.SAPNcoService.csproj", "{426E9829-DC13-4BD1-A30D-07C5C9AE595F}"
EndProject
Project("{9A19103F-16F7-4668-BE54-9A1E7A4F7556}") = "EAI.PipeMessagingTests", "EAI.PipeMessagingTests\EAI.PipeMessagingTests.csproj", "{1D0D7E38-8008-4B50-AFD6-87C7E25A3036}"
EndProject
Project("{9A19103F-16F7-4668-BE54-9A1E7A4F7556}") = "EAI.AzureStorage", "EAI.AzureStorage\EAI.AzureStorage.csproj", "{205D5E7A-BB62-4EF5-BCBB-EFA988AB493C}"
EndProject
Project("{9A19103F-16F7-4668-BE54-9A1E7A4F7556}") = "EAI.AzureStorageTests", "EAI.AzureStorageTests\EAI.AzureStorageTests.csproj", "{6AD16355-C1EA-4CDC-8670-F05D56A995D5}"
EndProject
Project("{FAE04EC0-301F-11D3-BF4B-00C04F79EFBC}") = "EAI.NetFramework.SAPNco", "EAI.NetFramework.SAPNco\EAI.NetFramework.SAPNco.csproj", "{1436212D-85A4-4A65-9C44-70EB51C89C08}"
EndProject
Project("{FAE04EC0-301F-11D3-BF4B-00C04F79EFBC}") = "EAI.NetFramework.SAPNcoService", "EAI.NetFramework.SAPNcoService\EAI.NetFramework.SAPNcoService.csproj", "{188C7B41-A4BA-4E4D-96FB-02E565B8569E}"
EndProject
Project("{FAE04EC0-301F-11D3-BF4B-00C04F79EFBC}") = "EAI.NetFrameworkHost", "EAI.NetFrameworkHost\EAI.NetFrameworkHost.csproj", "{8646976C-625C-4F65-8AE4-4BA67B39EA75}"
EndProject
Project("{2150E333-8FDC-42A3-9474-1A3956D46DE8}") = "_resource", "_resource", "{BDA2F50F-037F-4EF5-A8C6-017B09672A11}"
EndProject
Project("{2150E333-8FDC-42A3-9474-1A3956D46DE8}") = "Docs", "Docs", "{64FCCF57-5C4C-4B13-8C0C-22D190401CDD}"
	ProjectSection(SolutionItems) = preProject
		Docs\EAI.Azure.2023.pptx = Docs\EAI.Azure.2023.pptx
	EndProjectSection
EndProject
Project("{2150E333-8FDC-42A3-9474-1A3956D46DE8}") = "OnPrem", "OnPrem", "{F64E84BC-2AA0-40EE-A04F-6D554853D072}"
EndProject
Project("{2150E333-8FDC-42A3-9474-1A3956D46DE8}") = "SAP", "SAP", "{B9E4FEE4-5D26-4977-856A-FD3C3133EF03}"
EndProject
Project("{2150E333-8FDC-42A3-9474-1A3956D46DE8}") = "Server", "Server", "{ABCC14C7-08B2-48BB-8BA5-C2E2A52AA95D}"
EndProject
Project("{9A19103F-16F7-4668-BE54-9A1E7A4F7556}") = "EAI.AzureFunctions", "EAI.AzureFunctions\EAI.AzureFunctions.csproj", "{352424E5-4FF0-490A-87C6-DF5800CCD233}"
EndProject
Project("{FAE04EC0-301F-11D3-BF4B-00C04F79EFBC}") = "EAI.General.SAPECC", "EAI.General.SAPECC\EAI.General.SAPECC.csproj", "{F21D9E76-DF54-4090-9B14-16CF33D7744B}"
EndProject
Project("{DAE04EC0-301F-11D3-BF4B-00C04F79EFBD}") = "EAI.JOData", "EAI.JOData\EAI.JOData.csproj", "{B14F057E-E695-4CD5-9E11-2EC280DCFE00}"
EndProject
Global
	GlobalSection(SolutionConfigurationPlatforms) = preSolution
		Debug|Any CPU = Debug|Any CPU
		Release|Any CPU = Release|Any CPU
	EndGlobalSection
	GlobalSection(ProjectConfigurationPlatforms) = postSolution
		{FCFAD421-09CB-4C6C-B90D-097533E147D7}.Debug|Any CPU.ActiveCfg = Debug|Any CPU
		{FCFAD421-09CB-4C6C-B90D-097533E147D7}.Debug|Any CPU.Build.0 = Debug|Any CPU
		{FCFAD421-09CB-4C6C-B90D-097533E147D7}.Release|Any CPU.ActiveCfg = Release|Any CPU
		{FCFAD421-09CB-4C6C-B90D-097533E147D7}.Release|Any CPU.Build.0 = Release|Any CPU
		{002690AE-FCFF-4C7A-87E6-6E2A2272B85B}.Debug|Any CPU.ActiveCfg = Debug|Any CPU
		{002690AE-FCFF-4C7A-87E6-6E2A2272B85B}.Debug|Any CPU.Build.0 = Debug|Any CPU
		{002690AE-FCFF-4C7A-87E6-6E2A2272B85B}.Release|Any CPU.ActiveCfg = Release|Any CPU
		{002690AE-FCFF-4C7A-87E6-6E2A2272B85B}.Release|Any CPU.Build.0 = Release|Any CPU
		{0B33112C-743A-4530-8973-01813CD1DAAF}.Debug|Any CPU.ActiveCfg = Debug|Any CPU
		{0B33112C-743A-4530-8973-01813CD1DAAF}.Debug|Any CPU.Build.0 = Debug|Any CPU
		{0B33112C-743A-4530-8973-01813CD1DAAF}.Release|Any CPU.ActiveCfg = Release|Any CPU
		{0B33112C-743A-4530-8973-01813CD1DAAF}.Release|Any CPU.Build.0 = Release|Any CPU
		{AD5D8D1E-FC59-48A4-9C7D-B78A17956A22}.Debug|Any CPU.ActiveCfg = Debug|Any CPU
		{AD5D8D1E-FC59-48A4-9C7D-B78A17956A22}.Debug|Any CPU.Build.0 = Debug|Any CPU
		{AD5D8D1E-FC59-48A4-9C7D-B78A17956A22}.Release|Any CPU.ActiveCfg = Release|Any CPU
		{AD5D8D1E-FC59-48A4-9C7D-B78A17956A22}.Release|Any CPU.Build.0 = Release|Any CPU
		{CB46AB58-7726-46F5-8C3D-8415D2144178}.Debug|Any CPU.ActiveCfg = Debug|Any CPU
		{CB46AB58-7726-46F5-8C3D-8415D2144178}.Debug|Any CPU.Build.0 = Debug|Any CPU
		{CB46AB58-7726-46F5-8C3D-8415D2144178}.Release|Any CPU.ActiveCfg = Release|Any CPU
		{CB46AB58-7726-46F5-8C3D-8415D2144178}.Release|Any CPU.Build.0 = Release|Any CPU
		{8EC8A726-BBA3-4AA6-AA2C-0F646277994A}.Debug|Any CPU.ActiveCfg = Debug|Any CPU
		{8EC8A726-BBA3-4AA6-AA2C-0F646277994A}.Debug|Any CPU.Build.0 = Debug|Any CPU
		{8EC8A726-BBA3-4AA6-AA2C-0F646277994A}.Release|Any CPU.ActiveCfg = Release|Any CPU
		{8EC8A726-BBA3-4AA6-AA2C-0F646277994A}.Release|Any CPU.Build.0 = Release|Any CPU
		{8B43CCFF-B243-4231-AFBA-08126000F3FF}.Debug|Any CPU.ActiveCfg = Debug|Any CPU
		{8B43CCFF-B243-4231-AFBA-08126000F3FF}.Debug|Any CPU.Build.0 = Debug|Any CPU
		{8B43CCFF-B243-4231-AFBA-08126000F3FF}.Release|Any CPU.ActiveCfg = Release|Any CPU
		{8B43CCFF-B243-4231-AFBA-08126000F3FF}.Release|Any CPU.Build.0 = Release|Any CPU
		{7850C648-AB72-4B52-8E32-89BCC3263387}.Debug|Any CPU.ActiveCfg = Debug|Any CPU
		{7850C648-AB72-4B52-8E32-89BCC3263387}.Debug|Any CPU.Build.0 = Debug|Any CPU
		{7850C648-AB72-4B52-8E32-89BCC3263387}.Release|Any CPU.ActiveCfg = Release|Any CPU
		{7850C648-AB72-4B52-8E32-89BCC3263387}.Release|Any CPU.Build.0 = Release|Any CPU
		{F01237F1-8EBE-4904-828C-057512584B82}.Debug|Any CPU.ActiveCfg = Debug|Any CPU
		{F01237F1-8EBE-4904-828C-057512584B82}.Debug|Any CPU.Build.0 = Debug|Any CPU
		{F01237F1-8EBE-4904-828C-057512584B82}.Release|Any CPU.ActiveCfg = Release|Any CPU
		{F01237F1-8EBE-4904-828C-057512584B82}.Release|Any CPU.Build.0 = Release|Any CPU
		{ABF2ED98-0E22-490F-BA88-604FB13C2C90}.Debug|Any CPU.ActiveCfg = Debug|Any CPU
		{ABF2ED98-0E22-490F-BA88-604FB13C2C90}.Debug|Any CPU.Build.0 = Debug|Any CPU
		{ABF2ED98-0E22-490F-BA88-604FB13C2C90}.Release|Any CPU.ActiveCfg = Release|Any CPU
		{ABF2ED98-0E22-490F-BA88-604FB13C2C90}.Release|Any CPU.Build.0 = Release|Any CPU
		{3EDFC4BD-4599-49C6-A94C-4D8C7B0DDDE2}.Debug|Any CPU.ActiveCfg = Debug|Any CPU
		{3EDFC4BD-4599-49C6-A94C-4D8C7B0DDDE2}.Debug|Any CPU.Build.0 = Debug|Any CPU
		{3EDFC4BD-4599-49C6-A94C-4D8C7B0DDDE2}.Release|Any CPU.ActiveCfg = Release|Any CPU
		{3EDFC4BD-4599-49C6-A94C-4D8C7B0DDDE2}.Release|Any CPU.Build.0 = Release|Any CPU
		{BF95A850-9AFA-48C6-BBBE-1EF0A421C30D}.Debug|Any CPU.ActiveCfg = Debug|Any CPU
		{BF95A850-9AFA-48C6-BBBE-1EF0A421C30D}.Debug|Any CPU.Build.0 = Debug|Any CPU
		{BF95A850-9AFA-48C6-BBBE-1EF0A421C30D}.Release|Any CPU.ActiveCfg = Release|Any CPU
		{BF95A850-9AFA-48C6-BBBE-1EF0A421C30D}.Release|Any CPU.Build.0 = Release|Any CPU
		{E8ADCB21-7CA2-4DCC-A47C-868634BBD985}.Debug|Any CPU.ActiveCfg = Debug|Any CPU
		{E8ADCB21-7CA2-4DCC-A47C-868634BBD985}.Debug|Any CPU.Build.0 = Debug|Any CPU
		{E8ADCB21-7CA2-4DCC-A47C-868634BBD985}.Release|Any CPU.ActiveCfg = Release|Any CPU
		{E8ADCB21-7CA2-4DCC-A47C-868634BBD985}.Release|Any CPU.Build.0 = Release|Any CPU
		{A8310608-2CEF-413C-9EC5-A397B67CEFE2}.Debug|Any CPU.ActiveCfg = Debug|Any CPU
		{A8310608-2CEF-413C-9EC5-A397B67CEFE2}.Debug|Any CPU.Build.0 = Debug|Any CPU
		{A8310608-2CEF-413C-9EC5-A397B67CEFE2}.Release|Any CPU.ActiveCfg = Release|Any CPU
		{A8310608-2CEF-413C-9EC5-A397B67CEFE2}.Release|Any CPU.Build.0 = Release|Any CPU
		{AF76E593-F37F-4D64-92FE-362EF47CA5F1}.Debug|Any CPU.ActiveCfg = Debug|Any CPU
		{AF76E593-F37F-4D64-92FE-362EF47CA5F1}.Debug|Any CPU.Build.0 = Debug|Any CPU
		{AF76E593-F37F-4D64-92FE-362EF47CA5F1}.Release|Any CPU.ActiveCfg = Release|Any CPU
		{AF76E593-F37F-4D64-92FE-362EF47CA5F1}.Release|Any CPU.Build.0 = Release|Any CPU
		{4F0C559E-8259-4096-80E0-F2F878530363}.Debug|Any CPU.ActiveCfg = Debug|Any CPU
		{4F0C559E-8259-4096-80E0-F2F878530363}.Debug|Any CPU.Build.0 = Debug|Any CPU
		{4F0C559E-8259-4096-80E0-F2F878530363}.Release|Any CPU.ActiveCfg = Release|Any CPU
		{4F0C559E-8259-4096-80E0-F2F878530363}.Release|Any CPU.Build.0 = Release|Any CPU
		{960C359F-48F0-4EDA-A77B-B59833D9C403}.Debug|Any CPU.ActiveCfg = Debug|Any CPU
		{960C359F-48F0-4EDA-A77B-B59833D9C403}.Debug|Any CPU.Build.0 = Debug|Any CPU
		{960C359F-48F0-4EDA-A77B-B59833D9C403}.Release|Any CPU.ActiveCfg = Release|Any CPU
		{960C359F-48F0-4EDA-A77B-B59833D9C403}.Release|Any CPU.Build.0 = Release|Any CPU
		{000F96CA-98EF-4B33-8698-AFE9586D4F94}.Debug|Any CPU.ActiveCfg = Debug|Any CPU
		{000F96CA-98EF-4B33-8698-AFE9586D4F94}.Debug|Any CPU.Build.0 = Debug|Any CPU
		{000F96CA-98EF-4B33-8698-AFE9586D4F94}.Release|Any CPU.ActiveCfg = Release|Any CPU
		{000F96CA-98EF-4B33-8698-AFE9586D4F94}.Release|Any CPU.Build.0 = Release|Any CPU
		{8CABE4F4-9759-4B63-8384-A34A88A01F06}.Debug|Any CPU.ActiveCfg = Debug|Any CPU
		{8CABE4F4-9759-4B63-8384-A34A88A01F06}.Debug|Any CPU.Build.0 = Debug|Any CPU
		{8CABE4F4-9759-4B63-8384-A34A88A01F06}.Release|Any CPU.ActiveCfg = Release|Any CPU
		{8CABE4F4-9759-4B63-8384-A34A88A01F06}.Release|Any CPU.Build.0 = Release|Any CPU
		{DE3C82CB-6F96-41D9-A6F3-A9DB198D6B21}.Debug|Any CPU.ActiveCfg = Debug|Any CPU
		{DE3C82CB-6F96-41D9-A6F3-A9DB198D6B21}.Debug|Any CPU.Build.0 = Debug|Any CPU
		{DE3C82CB-6F96-41D9-A6F3-A9DB198D6B21}.Release|Any CPU.ActiveCfg = Release|Any CPU
		{DE3C82CB-6F96-41D9-A6F3-A9DB198D6B21}.Release|Any CPU.Build.0 = Release|Any CPU
		{8C2DE73E-2456-4EE9-B697-BC955091C14D}.Debug|Any CPU.ActiveCfg = Debug|Any CPU
		{8C2DE73E-2456-4EE9-B697-BC955091C14D}.Debug|Any CPU.Build.0 = Debug|Any CPU
		{8C2DE73E-2456-4EE9-B697-BC955091C14D}.Release|Any CPU.ActiveCfg = Release|Any CPU
		{8C2DE73E-2456-4EE9-B697-BC955091C14D}.Release|Any CPU.Build.0 = Release|Any CPU
		{F5686B04-AFAF-4CC9-A1BA-6060338FD79D}.Debug|Any CPU.ActiveCfg = Debug|Any CPU
		{F5686B04-AFAF-4CC9-A1BA-6060338FD79D}.Debug|Any CPU.Build.0 = Debug|Any CPU
		{F5686B04-AFAF-4CC9-A1BA-6060338FD79D}.Release|Any CPU.ActiveCfg = Release|Any CPU
		{F5686B04-AFAF-4CC9-A1BA-6060338FD79D}.Release|Any CPU.Build.0 = Release|Any CPU
		{C37ABA11-78E5-4556-83C0-A30B4E635A92}.Debug|Any CPU.ActiveCfg = Debug|Any CPU
		{C37ABA11-78E5-4556-83C0-A30B4E635A92}.Debug|Any CPU.Build.0 = Debug|Any CPU
		{C37ABA11-78E5-4556-83C0-A30B4E635A92}.Release|Any CPU.ActiveCfg = Release|Any CPU
		{C37ABA11-78E5-4556-83C0-A30B4E635A92}.Release|Any CPU.Build.0 = Release|Any CPU
		{426E9829-DC13-4BD1-A30D-07C5C9AE595F}.Debug|Any CPU.ActiveCfg = Debug|Any CPU
		{426E9829-DC13-4BD1-A30D-07C5C9AE595F}.Debug|Any CPU.Build.0 = Debug|Any CPU
		{426E9829-DC13-4BD1-A30D-07C5C9AE595F}.Release|Any CPU.ActiveCfg = Release|Any CPU
		{426E9829-DC13-4BD1-A30D-07C5C9AE595F}.Release|Any CPU.Build.0 = Release|Any CPU
		{1D0D7E38-8008-4B50-AFD6-87C7E25A3036}.Debug|Any CPU.ActiveCfg = Debug|Any CPU
		{1D0D7E38-8008-4B50-AFD6-87C7E25A3036}.Debug|Any CPU.Build.0 = Debug|Any CPU
		{1D0D7E38-8008-4B50-AFD6-87C7E25A3036}.Release|Any CPU.ActiveCfg = Release|Any CPU
		{1D0D7E38-8008-4B50-AFD6-87C7E25A3036}.Release|Any CPU.Build.0 = Release|Any CPU
		{205D5E7A-BB62-4EF5-BCBB-EFA988AB493C}.Debug|Any CPU.ActiveCfg = Debug|Any CPU
		{205D5E7A-BB62-4EF5-BCBB-EFA988AB493C}.Debug|Any CPU.Build.0 = Debug|Any CPU
		{205D5E7A-BB62-4EF5-BCBB-EFA988AB493C}.Release|Any CPU.ActiveCfg = Release|Any CPU
		{205D5E7A-BB62-4EF5-BCBB-EFA988AB493C}.Release|Any CPU.Build.0 = Release|Any CPU
		{6AD16355-C1EA-4CDC-8670-F05D56A995D5}.Debug|Any CPU.ActiveCfg = Debug|Any CPU
		{6AD16355-C1EA-4CDC-8670-F05D56A995D5}.Debug|Any CPU.Build.0 = Debug|Any CPU
		{6AD16355-C1EA-4CDC-8670-F05D56A995D5}.Release|Any CPU.ActiveCfg = Release|Any CPU
		{6AD16355-C1EA-4CDC-8670-F05D56A995D5}.Release|Any CPU.Build.0 = Release|Any CPU
		{1436212D-85A4-4A65-9C44-70EB51C89C08}.Debug|Any CPU.ActiveCfg = Debug|Any CPU
		{1436212D-85A4-4A65-9C44-70EB51C89C08}.Debug|Any CPU.Build.0 = Debug|Any CPU
		{1436212D-85A4-4A65-9C44-70EB51C89C08}.Release|Any CPU.ActiveCfg = Release|Any CPU
		{1436212D-85A4-4A65-9C44-70EB51C89C08}.Release|Any CPU.Build.0 = Release|Any CPU
		{188C7B41-A4BA-4E4D-96FB-02E565B8569E}.Debug|Any CPU.ActiveCfg = Debug|Any CPU
		{188C7B41-A4BA-4E4D-96FB-02E565B8569E}.Debug|Any CPU.Build.0 = Debug|Any CPU
		{188C7B41-A4BA-4E4D-96FB-02E565B8569E}.Release|Any CPU.ActiveCfg = Release|Any CPU
		{188C7B41-A4BA-4E4D-96FB-02E565B8569E}.Release|Any CPU.Build.0 = Release|Any CPU
		{8646976C-625C-4F65-8AE4-4BA67B39EA75}.Debug|Any CPU.ActiveCfg = Debug|Any CPU
		{8646976C-625C-4F65-8AE4-4BA67B39EA75}.Debug|Any CPU.Build.0 = Debug|Any CPU
		{8646976C-625C-4F65-8AE4-4BA67B39EA75}.Release|Any CPU.ActiveCfg = Release|Any CPU
		{8646976C-625C-4F65-8AE4-4BA67B39EA75}.Release|Any CPU.Build.0 = Release|Any CPU
		{352424E5-4FF0-490A-87C6-DF5800CCD233}.Debug|Any CPU.ActiveCfg = Debug|Any CPU
		{352424E5-4FF0-490A-87C6-DF5800CCD233}.Debug|Any CPU.Build.0 = Debug|Any CPU
		{352424E5-4FF0-490A-87C6-DF5800CCD233}.Release|Any CPU.ActiveCfg = Release|Any CPU
		{352424E5-4FF0-490A-87C6-DF5800CCD233}.Release|Any CPU.Build.0 = Release|Any CPU
		{F21D9E76-DF54-4090-9B14-16CF33D7744B}.Debug|Any CPU.ActiveCfg = Debug|Any CPU
		{F21D9E76-DF54-4090-9B14-16CF33D7744B}.Debug|Any CPU.Build.0 = Debug|Any CPU
		{F21D9E76-DF54-4090-9B14-16CF33D7744B}.Release|Any CPU.ActiveCfg = Release|Any CPU
		{F21D9E76-DF54-4090-9B14-16CF33D7744B}.Release|Any CPU.Build.0 = Release|Any CPU
		{B14F057E-E695-4CD5-9E11-2EC280DCFE00}.Debug|Any CPU.ActiveCfg = Debug|Any CPU
		{B14F057E-E695-4CD5-9E11-2EC280DCFE00}.Debug|Any CPU.Build.0 = Debug|Any CPU
		{B14F057E-E695-4CD5-9E11-2EC280DCFE00}.Release|Any CPU.ActiveCfg = Release|Any CPU
		{B14F057E-E695-4CD5-9E11-2EC280DCFE00}.Release|Any CPU.Build.0 = Release|Any CPU
	EndGlobalSection
	GlobalSection(SolutionProperties) = preSolution
		HideSolutionNode = FALSE
	EndGlobalSection
	GlobalSection(NestedProjects) = preSolution
		{960C359F-48F0-4EDA-A77B-B59833D9C403} = {ABCC14C7-08B2-48BB-8BA5-C2E2A52AA95D}
		{000F96CA-98EF-4B33-8698-AFE9586D4F94} = {B9E4FEE4-5D26-4977-856A-FD3C3133EF03}
		{8CABE4F4-9759-4B63-8384-A34A88A01F06} = {ABCC14C7-08B2-48BB-8BA5-C2E2A52AA95D}
		{DE3C82CB-6F96-41D9-A6F3-A9DB198D6B21} = {F64E84BC-2AA0-40EE-A04F-6D554853D072}
		{8C2DE73E-2456-4EE9-B697-BC955091C14D} = {B9E4FEE4-5D26-4977-856A-FD3C3133EF03}
		{F5686B04-AFAF-4CC9-A1BA-6060338FD79D} = {B9E4FEE4-5D26-4977-856A-FD3C3133EF03}
		{C37ABA11-78E5-4556-83C0-A30B4E635A92} = {ABCC14C7-08B2-48BB-8BA5-C2E2A52AA95D}
		{426E9829-DC13-4BD1-A30D-07C5C9AE595F} = {B9E4FEE4-5D26-4977-856A-FD3C3133EF03}
		{1436212D-85A4-4A65-9C44-70EB51C89C08} = {B9E4FEE4-5D26-4977-856A-FD3C3133EF03}
		{188C7B41-A4BA-4E4D-96FB-02E565B8569E} = {B9E4FEE4-5D26-4977-856A-FD3C3133EF03}
		{8646976C-625C-4F65-8AE4-4BA67B39EA75} = {ABCC14C7-08B2-48BB-8BA5-C2E2A52AA95D}
		{64FCCF57-5C4C-4B13-8C0C-22D190401CDD} = {BDA2F50F-037F-4EF5-A8C6-017B09672A11}
	EndGlobalSection
	GlobalSection(ExtensibilityGlobals) = postSolution
		SolutionGuid = {8BE71756-9605-4299-9AD4-42E7D22C75ED}
	EndGlobalSection
EndGlobal
