
Microsoft Visual Studio Solution File, Format Version 12.00
# Visual Studio Version 17
VisualStudioVersion = 17.4.33403.182
MinimumVisualStudioVersion = 10.0.40219.1
Project("{9A19103F-16F7-4668-BE54-9A1E7A4F7556}") = "EAI.OAuth", "EAI.OAuth\EAI.OAuth.csproj", "{FCFAD421-09CB-4C6C-B90D-097533E147D7}"
EndProject
Project("{9A19103F-16F7-4668-BE54-9A1E7A4F7556}") = "EAI.OData", "EAI.OData\EAI.OData.csproj", "{002690AE-FCFF-4C7A-87E6-6E2A2272B85B}"
EndProject
Project("{9A19103F-16F7-4668-BE54-9A1E7A4F7556}") = "EAI.General", "EAI.General\EAI.General.csproj", "{0B33112C-743A-4530-8973-01813CD1DAAF}"
EndProject
Project("{9A19103F-16F7-4668-BE54-9A1E7A4F7556}") = "EAI.Logging", "EAI.Logging\EAI.Logging.csproj", "{CB46AB58-7726-46F5-8C3D-8415D2144178}"
EndProject
Project("{9A19103F-16F7-4668-BE54-9A1E7A4F7556}") = "EAI.Rest", "EAI.Rest\EAI.Rest.csproj", "{AD5D8D1E-FC59-48A4-9C7D-B78A17956A22}"
EndProject
Project("{9A19103F-16F7-4668-BE54-9A1E7A4F7556}") = "EAI.RestTests", "EAI.RestTests\EAI.RestTests.csproj", "{4E22D5A5-267A-4AA8-BD3A-F03AA3A42588}"
EndProject
Project("{9A19103F-16F7-4668-BE54-9A1E7A4F7556}") = "EAI.OAuthTests", "EAI.OAuthTests\EAI.OAuthTests.csproj", "{5B7D78E3-78B7-48BE-A6CA-D84ED788CE64}"
Project("{9A19103F-16F7-4668-BE54-9A1E7A4F7556}") = "EAI.Logging.Test", "EAI.Logging.Test\EAI.Logging.Test.csproj", "{8EC8A726-BBA3-4AA6-AA2C-0F646277994A}"
EndProject
Project("{9A19103F-16F7-4668-BE54-9A1E7A4F7556}") = "EAI.Logging.SQL", "EAI.Logging.SQL\EAI.Logging.SQL.csproj", "{8B43CCFF-B243-4231-AFBA-08126000F3FF}"
Project("{9A19103F-16F7-4668-BE54-9A1E7A4F7556}") = "EAI.Dataverse", "EAI.Dataverse\EAI.Dataverse.csproj", "{B62AA536-44A2-4F7D-A16A-5E8F2D5D1595}"
EndProject
Project("{9A19103F-16F7-4668-BE54-9A1E7A4F7556}") = "EAI.Dataverse.ModelGenerator", "EAI.Dataverse.ModelGenerator\EAI.Dataverse.ModelGenerator.csproj", "{292C6B51-1EE9-47FB-B924-FDB5844FA051}"
EndProject
Project("{9A19103F-16F7-4668-BE54-9A1E7A4F7556}") = "EAI.Dataverse.ModelGeneratorTests", "EAI.Dataverse.ModelGeneratorTests\EAI.Dataverse.ModelGeneratorTests.csproj", "{39A56F16-8E09-401C-B9FB-FAA899646EE2}"
EndProject
Project("{2150E333-8FDC-42A3-9474-1A3956D46DE8}") = "Docs", "Docs", "{193B24AF-681D-4D1F-9058-EA79FA820DC6}"
	ProjectSection(SolutionItems) = preProject
		Docs\EAI.Azure.2023.pptx = Docs\EAI.Azure.2023.pptx
	EndProjectSection
EndProject
Project("{9A19103F-16F7-4668-BE54-9A1E7A4F7556}") = "EAI.AzureStorage", "EAI.AzureStorage\EAI.AzureStorage.csproj", "{0658977E-997B-4380-8E60-1F42F0BBFED5}"
EndProject
Project("{9A19103F-16F7-4668-BE54-9A1E7A4F7556}") = "EAI.AzureStorageTests", "EAI.AzureStorageTests\EAI.AzureStorageTests.csproj", "{8F2B0A42-31C2-4262-8351-C03F6D53CEA0}"
EndProject
Project("{9A19103F-16F7-4668-BE54-9A1E7A4F7556}") = "EAI.GeneralTests", "EAI.GeneralTests\EAI.GeneralTests.csproj", "{539BDBFA-6793-4DA9-A735-5758D92C73A3}"
EndProject
Project("{2150E333-8FDC-42A3-9474-1A3956D46DE8}") = "Server", "Server", "{8CBB56FA-AAB3-4A50-A9D4-F15F1C16C828}"
EndProject
Project("{2150E333-8FDC-42A3-9474-1A3956D46DE8}") = "SAP", "SAP", "{C05EDDB3-D347-4831-831B-88BA302FD702}"
EndProject
Project("{9A19103F-16F7-4668-BE54-9A1E7A4F7556}") = "EAI.PipeMessaging", "EAI.PipeMessaging\EAI.PipeMessaging.csproj", "{7C926A3A-9665-4B01-A1F2-917C0A2A0F9C}"
EndProject
Project("{9A19103F-16F7-4668-BE54-9A1E7A4F7556}") = "EAI.PipeMessagingTests", "EAI.PipeMessagingTests\EAI.PipeMessagingTests.csproj", "{8FF069C6-1C3F-4674-931C-8C53C61F2CFB}"
EndProject
Project("{FAE04EC0-301F-11D3-BF4B-00C04F79EFBC}") = "EAI.NetFrameworkHost", "EAI.NetFrameworkHost\EAI.NetFrameworkHost.csproj", "{8646976C-625C-4F65-8AE4-4BA67B39EA75}"
EndProject
Project("{FAE04EC0-301F-11D3-BF4B-00C04F79EFBC}") = "EAI.NetFramework.SAPNcoService", "EAI.NetFramework.SAPNcoService\EAI.NetFramework.SAPNcoService.csproj", "{188C7B41-A4BA-4E4D-96FB-02E565B8569E}"
EndProject
Project("{FAE04EC0-301F-11D3-BF4B-00C04F79EFBC}") = "EAI.NetFramework.SAPNco", "EAI.NetFramework.SAPNco\EAI.NetFramework.SAPNco.csproj", "{1436212D-85A4-4A65-9C44-70EB51C89C08}"
EndProject
Project("{9A19103F-16F7-4668-BE54-9A1E7A4F7556}") = "EAI.PipeMessaging.SAPNcoService", "EAI.PipeMessaging.SAPNcoService\EAI.PipeMessaging.SAPNcoService.csproj", "{B08BDE85-BDAE-41A1-B1F9-18BB9D8F4DB8}"
EndProject
Project("{9A19103F-16F7-4668-BE54-9A1E7A4F7556}") = "EAI.Dataverse", "EAI.Dataverse\EAI.Dataverse.csproj", "{49FBEA1E-49F0-416E-A789-5300081D480E}"
EndProject
Project("{FAE04EC0-301F-11D3-BF4B-00C04F79EFBC}") = "EAI.NetFramework.SAPNcoTests", "EAI.NetFramework.SAPNcoTests\EAI.NetFramework.SAPNcoTests.csproj", "{69A3FED3-1E29-4C50-B856-1222F74BB14F}"
EndProject
Project("{FAE04EC0-301F-11D3-BF4B-00C04F79EFBC}") = "EAI.GenericServer", "EAI.GenericServer\EAI.GenericServer.csproj", "{086CD07C-A095-4C67-8042-8FC0EFA3000F}"
EndProject
Project("{FAE04EC0-301F-11D3-BF4B-00C04F79EFBC}") = "EAI.GenericServer.SAPNcoService", "EAI.GenericServer.SAPNcoService\EAI.GenericServer.SAPNcoService.csproj", "{37F886C8-B11C-40F8-9B5A-9C33E9BD2503}"
EndProject
Project("{FAE04EC0-301F-11D3-BF4B-00C04F79EFBC}") = "EAI.GenericServerHost", "EAI.GenericServerHost\EAI.GenericServerHost.csproj", "{D395B62F-2BBE-4809-B351-63A6CD04BF66}"
EndProject
Project("{2150E333-8FDC-42A3-9474-1A3956D46DE8}") = "_resource", "_resource", "{2B8CCD89-4A7B-4FC9-AA65-FBFE18748E88}"
EndProject
Project("{2150E333-8FDC-42A3-9474-1A3956D46DE8}") = "services", "services", "{6CAD9549-5A78-40FD-9B18-F57ABE3EA813}"
EndProject
Project("{2150E333-8FDC-42A3-9474-1A3956D46DE8}") = "EAI.GenericServer", "EAI.GenericServer", "{EB16CDE2-655A-41DF-B635-229C0787D34B}"
EndProject
Project("{2150E333-8FDC-42A3-9474-1A3956D46DE8}") = "OnPrem", "OnPrem", "{2BB47552-D2E0-4FBB-8F2B-60F7F5CD557C}"
EndProject
Project("{FAE04EC0-301F-11D3-BF4B-00C04F79EFBC}") = "EAI.OnPrem.Storage", "EAI.OnPrem.Storage\EAI.OnPrem.Storage.csproj", "{D51BDA44-73EF-49CA-8527-DEB4D2DA81E3}"
EndProject
Global
	GlobalSection(SolutionConfigurationPlatforms) = preSolution
		Debug|Any CPU = Debug|Any CPU
		Release|Any CPU = Release|Any CPU
	EndGlobalSection
	GlobalSection(ProjectConfigurationPlatforms) = postSolution
		{FCFAD421-09CB-4C6C-B90D-097533E147D7}.Debug|Any CPU.ActiveCfg = Debug|Any CPU
		{FCFAD421-09CB-4C6C-B90D-097533E147D7}.Debug|Any CPU.Build.0 = Debug|Any CPU
		{FCFAD421-09CB-4C6C-B90D-097533E147D7}.Release|Any CPU.ActiveCfg = Release|Any CPU
		{FCFAD421-09CB-4C6C-B90D-097533E147D7}.Release|Any CPU.Build.0 = Release|Any CPU
		{002690AE-FCFF-4C7A-87E6-6E2A2272B85B}.Debug|Any CPU.ActiveCfg = Debug|Any CPU
		{002690AE-FCFF-4C7A-87E6-6E2A2272B85B}.Debug|Any CPU.Build.0 = Debug|Any CPU
		{002690AE-FCFF-4C7A-87E6-6E2A2272B85B}.Release|Any CPU.ActiveCfg = Release|Any CPU
		{002690AE-FCFF-4C7A-87E6-6E2A2272B85B}.Release|Any CPU.Build.0 = Release|Any CPU
		{0B33112C-743A-4530-8973-01813CD1DAAF}.Debug|Any CPU.ActiveCfg = Debug|Any CPU
		{0B33112C-743A-4530-8973-01813CD1DAAF}.Debug|Any CPU.Build.0 = Debug|Any CPU
		{0B33112C-743A-4530-8973-01813CD1DAAF}.Release|Any CPU.ActiveCfg = Release|Any CPU
		{0B33112C-743A-4530-8973-01813CD1DAAF}.Release|Any CPU.Build.0 = Release|Any CPU
		{CB46AB58-7726-46F5-8C3D-8415D2144178}.Debug|Any CPU.ActiveCfg = Debug|Any CPU
		{CB46AB58-7726-46F5-8C3D-8415D2144178}.Debug|Any CPU.Build.0 = Debug|Any CPU
		{CB46AB58-7726-46F5-8C3D-8415D2144178}.Release|Any CPU.ActiveCfg = Release|Any CPU
		{CB46AB58-7726-46F5-8C3D-8415D2144178}.Release|Any CPU.Build.0 = Release|Any CPU
		{AD5D8D1E-FC59-48A4-9C7D-B78A17956A22}.Debug|Any CPU.ActiveCfg = Debug|Any CPU
		{AD5D8D1E-FC59-48A4-9C7D-B78A17956A22}.Debug|Any CPU.Build.0 = Debug|Any CPU
		{AD5D8D1E-FC59-48A4-9C7D-B78A17956A22}.Release|Any CPU.ActiveCfg = Release|Any CPU
		{AD5D8D1E-FC59-48A4-9C7D-B78A17956A22}.Release|Any CPU.Build.0 = Release|Any CPU
		{8EC8A726-BBA3-4AA6-AA2C-0F646277994A}.Debug|Any CPU.ActiveCfg = Debug|Any CPU
		{8EC8A726-BBA3-4AA6-AA2C-0F646277994A}.Debug|Any CPU.Build.0 = Debug|Any CPU
		{8EC8A726-BBA3-4AA6-AA2C-0F646277994A}.Release|Any CPU.ActiveCfg = Release|Any CPU
		{8EC8A726-BBA3-4AA6-AA2C-0F646277994A}.Release|Any CPU.Build.0 = Release|Any CPU
		{8B43CCFF-B243-4231-AFBA-08126000F3FF}.Debug|Any CPU.ActiveCfg = Debug|Any CPU
		{8B43CCFF-B243-4231-AFBA-08126000F3FF}.Debug|Any CPU.Build.0 = Debug|Any CPU
		{8B43CCFF-B243-4231-AFBA-08126000F3FF}.Release|Any CPU.ActiveCfg = Release|Any CPU
		{8B43CCFF-B243-4231-AFBA-08126000F3FF}.Release|Any CPU.Build.0 = Release|Any CPU
		{292C6B51-1EE9-47FB-B924-FDB5844FA051}.Debug|Any CPU.ActiveCfg = Debug|Any CPU
		{292C6B51-1EE9-47FB-B924-FDB5844FA051}.Debug|Any CPU.Build.0 = Debug|Any CPU
		{292C6B51-1EE9-47FB-B924-FDB5844FA051}.Release|Any CPU.ActiveCfg = Release|Any CPU
		{292C6B51-1EE9-47FB-B924-FDB5844FA051}.Release|Any CPU.Build.0 = Release|Any CPU
		{39A56F16-8E09-401C-B9FB-FAA899646EE2}.Debug|Any CPU.ActiveCfg = Debug|Any CPU
		{39A56F16-8E09-401C-B9FB-FAA899646EE2}.Debug|Any CPU.Build.0 = Debug|Any CPU
		{39A56F16-8E09-401C-B9FB-FAA899646EE2}.Release|Any CPU.ActiveCfg = Release|Any CPU
		{39A56F16-8E09-401C-B9FB-FAA899646EE2}.Release|Any CPU.Build.0 = Release|Any CPU
		{0658977E-997B-4380-8E60-1F42F0BBFED5}.Debug|Any CPU.ActiveCfg = Debug|Any CPU
		{0658977E-997B-4380-8E60-1F42F0BBFED5}.Debug|Any CPU.Build.0 = Debug|Any CPU
		{0658977E-997B-4380-8E60-1F42F0BBFED5}.Release|Any CPU.ActiveCfg = Release|Any CPU
		{0658977E-997B-4380-8E60-1F42F0BBFED5}.Release|Any CPU.Build.0 = Release|Any CPU
		{8F2B0A42-31C2-4262-8351-C03F6D53CEA0}.Debug|Any CPU.ActiveCfg = Debug|Any CPU
		{8F2B0A42-31C2-4262-8351-C03F6D53CEA0}.Debug|Any CPU.Build.0 = Debug|Any CPU
		{8F2B0A42-31C2-4262-8351-C03F6D53CEA0}.Release|Any CPU.ActiveCfg = Release|Any CPU
		{8F2B0A42-31C2-4262-8351-C03F6D53CEA0}.Release|Any CPU.Build.0 = Release|Any CPU
		{539BDBFA-6793-4DA9-A735-5758D92C73A3}.Debug|Any CPU.ActiveCfg = Debug|Any CPU
		{539BDBFA-6793-4DA9-A735-5758D92C73A3}.Debug|Any CPU.Build.0 = Debug|Any CPU
		{539BDBFA-6793-4DA9-A735-5758D92C73A3}.Release|Any CPU.ActiveCfg = Release|Any CPU
		{539BDBFA-6793-4DA9-A735-5758D92C73A3}.Release|Any CPU.Build.0 = Release|Any CPU
		{7C926A3A-9665-4B01-A1F2-917C0A2A0F9C}.Debug|Any CPU.ActiveCfg = Debug|Any CPU
		{7C926A3A-9665-4B01-A1F2-917C0A2A0F9C}.Debug|Any CPU.Build.0 = Debug|Any CPU
		{7C926A3A-9665-4B01-A1F2-917C0A2A0F9C}.Release|Any CPU.ActiveCfg = Release|Any CPU
		{7C926A3A-9665-4B01-A1F2-917C0A2A0F9C}.Release|Any CPU.Build.0 = Release|Any CPU
		{8FF069C6-1C3F-4674-931C-8C53C61F2CFB}.Debug|Any CPU.ActiveCfg = Debug|Any CPU
		{8FF069C6-1C3F-4674-931C-8C53C61F2CFB}.Debug|Any CPU.Build.0 = Debug|Any CPU
		{8FF069C6-1C3F-4674-931C-8C53C61F2CFB}.Release|Any CPU.ActiveCfg = Release|Any CPU
		{8FF069C6-1C3F-4674-931C-8C53C61F2CFB}.Release|Any CPU.Build.0 = Release|Any CPU
		{8646976C-625C-4F65-8AE4-4BA67B39EA75}.Debug|Any CPU.ActiveCfg = Debug|Any CPU
		{8646976C-625C-4F65-8AE4-4BA67B39EA75}.Debug|Any CPU.Build.0 = Debug|Any CPU
		{8646976C-625C-4F65-8AE4-4BA67B39EA75}.Release|Any CPU.ActiveCfg = Release|Any CPU
		{8646976C-625C-4F65-8AE4-4BA67B39EA75}.Release|Any CPU.Build.0 = Release|Any CPU
		{188C7B41-A4BA-4E4D-96FB-02E565B8569E}.Debug|Any CPU.ActiveCfg = Debug|Any CPU
		{188C7B41-A4BA-4E4D-96FB-02E565B8569E}.Debug|Any CPU.Build.0 = Debug|Any CPU
		{188C7B41-A4BA-4E4D-96FB-02E565B8569E}.Release|Any CPU.ActiveCfg = Release|Any CPU
		{188C7B41-A4BA-4E4D-96FB-02E565B8569E}.Release|Any CPU.Build.0 = Release|Any CPU
		{1436212D-85A4-4A65-9C44-70EB51C89C08}.Debug|Any CPU.ActiveCfg = Debug|Any CPU
		{1436212D-85A4-4A65-9C44-70EB51C89C08}.Debug|Any CPU.Build.0 = Debug|Any CPU
		{1436212D-85A4-4A65-9C44-70EB51C89C08}.Release|Any CPU.ActiveCfg = Release|Any CPU
		{1436212D-85A4-4A65-9C44-70EB51C89C08}.Release|Any CPU.Build.0 = Release|Any CPU
		{B08BDE85-BDAE-41A1-B1F9-18BB9D8F4DB8}.Debug|Any CPU.ActiveCfg = Debug|Any CPU
		{B08BDE85-BDAE-41A1-B1F9-18BB9D8F4DB8}.Debug|Any CPU.Build.0 = Debug|Any CPU
		{B08BDE85-BDAE-41A1-B1F9-18BB9D8F4DB8}.Release|Any CPU.ActiveCfg = Release|Any CPU
		{B08BDE85-BDAE-41A1-B1F9-18BB9D8F4DB8}.Release|Any CPU.Build.0 = Release|Any CPU
		{086CD07C-A095-4C67-8042-8FC0EFA3000F}.Debug|Any CPU.ActiveCfg = Debug|Any CPU
		{086CD07C-A095-4C67-8042-8FC0EFA3000F}.Debug|Any CPU.Build.0 = Debug|Any CPU
		{086CD07C-A095-4C67-8042-8FC0EFA3000F}.Release|Any CPU.ActiveCfg = Release|Any CPU
		{086CD07C-A095-4C67-8042-8FC0EFA3000F}.Release|Any CPU.Build.0 = Release|Any CPU
		{37F886C8-B11C-40F8-9B5A-9C33E9BD2503}.Debug|Any CPU.ActiveCfg = Debug|Any CPU
		{37F886C8-B11C-40F8-9B5A-9C33E9BD2503}.Debug|Any CPU.Build.0 = Debug|Any CPU
		{37F886C8-B11C-40F8-9B5A-9C33E9BD2503}.Release|Any CPU.ActiveCfg = Release|Any CPU
		{37F886C8-B11C-40F8-9B5A-9C33E9BD2503}.Release|Any CPU.Build.0 = Release|Any CPU
		{D395B62F-2BBE-4809-B351-63A6CD04BF66}.Debug|Any CPU.ActiveCfg = Debug|Any CPU
		{D395B62F-2BBE-4809-B351-63A6CD04BF66}.Debug|Any CPU.Build.0 = Debug|Any CPU
		{D395B62F-2BBE-4809-B351-63A6CD04BF66}.Release|Any CPU.ActiveCfg = Release|Any CPU
		{D395B62F-2BBE-4809-B351-63A6CD04BF66}.Release|Any CPU.Build.0 = Release|Any CPU
		{D51BDA44-73EF-49CA-8527-DEB4D2DA81E3}.Debug|Any CPU.ActiveCfg = Debug|Any CPU
		{D51BDA44-73EF-49CA-8527-DEB4D2DA81E3}.Debug|Any CPU.Build.0 = Debug|Any CPU
		{D51BDA44-73EF-49CA-8527-DEB4D2DA81E3}.Release|Any CPU.ActiveCfg = Release|Any CPU
		{D51BDA44-73EF-49CA-8527-DEB4D2DA81E3}.Release|Any CPU.Build.0 = Release|Any CPU
		{49FBEA1E-49F0-416E-A789-5300081D480E}.Debug|Any CPU.ActiveCfg = Debug|Any CPU
		{49FBEA1E-49F0-416E-A789-5300081D480E}.Debug|Any CPU.Build.0 = Debug|Any CPU
		{49FBEA1E-49F0-416E-A789-5300081D480E}.Release|Any CPU.ActiveCfg = Release|Any CPU
		{49FBEA1E-49F0-416E-A789-5300081D480E}.Release|Any CPU.Build.0 = Release|Any CPU
		{69A3FED3-1E29-4C50-B856-1222F74BB14F}.Debug|Any CPU.ActiveCfg = Debug|Any CPU
		{69A3FED3-1E29-4C50-B856-1222F74BB14F}.Debug|Any CPU.Build.0 = Debug|Any CPU
		{69A3FED3-1E29-4C50-B856-1222F74BB14F}.Release|Any CPU.ActiveCfg = Release|Any CPU
		{69A3FED3-1E29-4C50-B856-1222F74BB14F}.Release|Any CPU.Build.0 = Release|Any CPU
	EndGlobalSection
	GlobalSection(SolutionProperties) = preSolution
		HideSolutionNode = FALSE
	EndGlobalSection
	GlobalSection(NestedProjects) = preSolution
		{193B24AF-681D-4D1F-9058-EA79FA820DC6} = {2B8CCD89-4A7B-4FC9-AA65-FBFE18748E88}
		{7C926A3A-9665-4B01-A1F2-917C0A2A0F9C} = {8CBB56FA-AAB3-4A50-A9D4-F15F1C16C828}
		{8646976C-625C-4F65-8AE4-4BA67B39EA75} = {8CBB56FA-AAB3-4A50-A9D4-F15F1C16C828}
		{188C7B41-A4BA-4E4D-96FB-02E565B8569E} = {C05EDDB3-D347-4831-831B-88BA302FD702}
		{1436212D-85A4-4A65-9C44-70EB51C89C08} = {C05EDDB3-D347-4831-831B-88BA302FD702}
		{B08BDE85-BDAE-41A1-B1F9-18BB9D8F4DB8} = {C05EDDB3-D347-4831-831B-88BA302FD702}
		{086CD07C-A095-4C67-8042-8FC0EFA3000F} = {8CBB56FA-AAB3-4A50-A9D4-F15F1C16C828}
		{37F886C8-B11C-40F8-9B5A-9C33E9BD2503} = {C05EDDB3-D347-4831-831B-88BA302FD702}
		{D395B62F-2BBE-4809-B351-63A6CD04BF66} = {8CBB56FA-AAB3-4A50-A9D4-F15F1C16C828}
		{6CAD9549-5A78-40FD-9B18-F57ABE3EA813} = {EB16CDE2-655A-41DF-B635-229C0787D34B}
		{EB16CDE2-655A-41DF-B635-229C0787D34B} = {2B8CCD89-4A7B-4FC9-AA65-FBFE18748E88}
		{D51BDA44-73EF-49CA-8527-DEB4D2DA81E3} = {2BB47552-D2E0-4FBB-8F2B-60F7F5CD557C}
	EndGlobalSection
	GlobalSection(ExtensibilityGlobals) = postSolution
		SolutionGuid = {8BE71756-9605-4299-9AD4-42E7D22C75ED}
	EndGlobalSection
EndGlobal
